
Microsoft Visual Studio Solution File, Format Version 12.00
# Visual Studio Version 16
VisualStudioVersion = 16.0.32602.291
MinimumVisualStudioVersion = 10.0.40219.1
Project("{8BC9CEB8-8B4A-11D0-8D11-00A0C91BC942}") = "SumAverage", "SumAverage\SumAverage.vcxproj", "{1407B982-0BB5-4B6F-9D4D-2E6351F04714}"
EndProject
Global
	GlobalSection(SolutionConfigurationPlatforms) = preSolution
		Debug|x64 = Debug|x64
		Debug|x86 = Debug|x86
		Release|x64 = Release|x64
		Release|x86 = Release|x86
	EndGlobalSection
	GlobalSection(ProjectConfigurationPlatforms) = postSolution
		{1407B982-0BB5-4B6F-9D4D-2E6351F04714}.Debug|x64.ActiveCfg = Debug|x64
		{1407B982-0BB5-4B6F-9D4D-2E6351F04714}.Debug|x64.Build.0 = Debug|x64
		{1407B982-0BB5-4B6F-9D4D-2E6351F04714}.Debug|x86.ActiveCfg = Debug|Win32
		{1407B982-0BB5-4B6F-9D4D-2E6351F04714}.Debug|x86.Build.0 = Debug|Win32
		{1407B982-0BB5-4B6F-9D4D-2E6351F04714}.Release|x64.ActiveCfg = Release|x64
		{1407B982-0BB5-4B6F-9D4D-2E6351F04714}.Release|x64.Build.0 = Release|x64
		{1407B982-0BB5-4B6F-9D4D-2E6351F04714}.Release|x86.ActiveCfg = Release|Win32
		{1407B982-0BB5-4B6F-9D4D-2E6351F04714}.Release|x86.Build.0 = Release|Win32
	EndGlobalSection
	GlobalSection(SolutionProperties) = preSolution
		HideSolutionNode = FALSE
	EndGlobalSection
	GlobalSection(ExtensibilityGlobals) = postSolution
		SolutionGuid = {46A6FACD-94BE-43FD-9B72-22A3E41EAC5C}
	EndGlobalSection
EndGlobal
