
Microsoft Visual Studio Solution File, Format Version 12.00
# Visual Studio Version 16
VisualStudioVersion = 16.0.32602.291
MinimumVisualStudioVersion = 10.0.40219.1
Project("{8BC9CEB8-8B4A-11D0-8D11-00A0C91BC942}") = "TemplateChallenge", "TemplateChallenge\TemplateChallenge.vcxproj", "{5597623C-EE25-46DB-A619-83F39A2ACFE2}"
EndProject
Global
	GlobalSection(SolutionConfigurationPlatforms) = preSolution
		Debug|x64 = Debug|x64
		Debug|x86 = Debug|x86
		Release|x64 = Release|x64
		Release|x86 = Release|x86
	EndGlobalSection
	GlobalSection(ProjectConfigurationPlatforms) = postSolution
		{5597623C-EE25-46DB-A619-83F39A2ACFE2}.Debug|x64.ActiveCfg = Debug|x64
		{5597623C-EE25-46DB-A619-83F39A2ACFE2}.Debug|x64.Build.0 = Debug|x64
		{5597623C-EE25-46DB-A619-83F39A2ACFE2}.Debug|x86.ActiveCfg = Debug|Win32
		{5597623C-EE25-46DB-A619-83F39A2ACFE2}.Debug|x86.Build.0 = Debug|Win32
		{5597623C-EE25-46DB-A619-83F39A2ACFE2}.Release|x64.ActiveCfg = Release|x64
		{5597623C-EE25-46DB-A619-83F39A2ACFE2}.Release|x64.Build.0 = Release|x64
		{5597623C-EE25-46DB-A619-83F39A2ACFE2}.Release|x86.ActiveCfg = Release|Win32
		{5597623C-EE25-46DB-A619-83F39A2ACFE2}.Release|x86.Build.0 = Release|Win32
	EndGlobalSection
	GlobalSection(SolutionProperties) = preSolution
		HideSolutionNode = FALSE
	EndGlobalSection
	GlobalSection(ExtensibilityGlobals) = postSolution
		SolutionGuid = {09A98787-5345-4383-B056-F5F921CF3523}
	EndGlobalSection
EndGlobal
